
Microsoft Visual Studio Solution File, Format Version 12.00
# Visual Studio Version 17
VisualStudioVersion = 17.10.35013.160
MinimumVisualStudioVersion = 10.0.40219.1
Project("{9A19103F-16F7-4668-BE54-9A1E7A4F7556}") = "super-ws.api", "super-ws.api\super-ws.api.csproj", "{7DCFE1F0-C84B-4F50-9153-A07B91071B6E}"
EndProject
Project("{9A19103F-16F7-4668-BE54-9A1E7A4F7556}") = "super-ws.client", "super-ws.client\super-ws.client.csproj", "{BC77E5EC-F6E3-4AD8-8C98-19D54C9506EA}"
EndProject
Project("{9A19103F-16F7-4668-BE54-9A1E7A4F7556}") = "super-ws.clientTest", "super-ws.clientTest\super-ws.clientTest.csproj", "{85947103-2134-4E2B-8642-15C7938F2F2A}"
EndProject
Project("{2150E333-8FDC-42A3-9474-1A3956D46DE8}") = "UnitTests", "UnitTests", "{34BF0B3C-2E3D-46E8-9CD0-039CAE1E7106}"
EndProject
Project("{9A19103F-16F7-4668-BE54-9A1E7A4F7556}") = "super-ws.database", "super-ws.database\super-ws.database.csproj", "{F8124D33-C761-48B4-B402-EFA8482C0043}"
EndProject
Project("{9A19103F-16F7-4668-BE54-9A1E7A4F7556}") = "super-ws.apiTest", "super-ws.databaseTest\super-ws.apiTest.csproj", "{B94CCA41-0FDD-40C5-9473-5B0CEC6A5539}"
EndProject
Global
	GlobalSection(SolutionConfigurationPlatforms) = preSolution
		Debug|Any CPU = Debug|Any CPU
		Release|Any CPU = Release|Any CPU
	EndGlobalSection
	GlobalSection(ProjectConfigurationPlatforms) = postSolution
		{7DCFE1F0-C84B-4F50-9153-A07B91071B6E}.Debug|Any CPU.ActiveCfg = Debug|Any CPU
		{7DCFE1F0-C84B-4F50-9153-A07B91071B6E}.Debug|Any CPU.Build.0 = Debug|Any CPU
		{7DCFE1F0-C84B-4F50-9153-A07B91071B6E}.Release|Any CPU.ActiveCfg = Release|Any CPU
		{7DCFE1F0-C84B-4F50-9153-A07B91071B6E}.Release|Any CPU.Build.0 = Release|Any CPU
		{BC77E5EC-F6E3-4AD8-8C98-19D54C9506EA}.Debug|Any CPU.ActiveCfg = Debug|Any CPU
		{BC77E5EC-F6E3-4AD8-8C98-19D54C9506EA}.Debug|Any CPU.Build.0 = Debug|Any CPU
		{BC77E5EC-F6E3-4AD8-8C98-19D54C9506EA}.Release|Any CPU.ActiveCfg = Release|Any CPU
		{BC77E5EC-F6E3-4AD8-8C98-19D54C9506EA}.Release|Any CPU.Build.0 = Release|Any CPU
		{85947103-2134-4E2B-8642-15C7938F2F2A}.Debug|Any CPU.ActiveCfg = Debug|Any CPU
		{85947103-2134-4E2B-8642-15C7938F2F2A}.Debug|Any CPU.Build.0 = Debug|Any CPU
		{85947103-2134-4E2B-8642-15C7938F2F2A}.Release|Any CPU.ActiveCfg = Release|Any CPU
		{85947103-2134-4E2B-8642-15C7938F2F2A}.Release|Any CPU.Build.0 = Release|Any CPU
		{F8124D33-C761-48B4-B402-EFA8482C0043}.Debug|Any CPU.ActiveCfg = Debug|Any CPU
		{F8124D33-C761-48B4-B402-EFA8482C0043}.Debug|Any CPU.Build.0 = Debug|Any CPU
		{F8124D33-C761-48B4-B402-EFA8482C0043}.Release|Any CPU.ActiveCfg = Release|Any CPU
		{F8124D33-C761-48B4-B402-EFA8482C0043}.Release|Any CPU.Build.0 = Release|Any CPU
		{B94CCA41-0FDD-40C5-9473-5B0CEC6A5539}.Debug|Any CPU.ActiveCfg = Debug|Any CPU
		{B94CCA41-0FDD-40C5-9473-5B0CEC6A5539}.Debug|Any CPU.Build.0 = Debug|Any CPU
		{B94CCA41-0FDD-40C5-9473-5B0CEC6A5539}.Release|Any CPU.ActiveCfg = Release|Any CPU
		{B94CCA41-0FDD-40C5-9473-5B0CEC6A5539}.Release|Any CPU.Build.0 = Release|Any CPU
	EndGlobalSection
	GlobalSection(SolutionProperties) = preSolution
		HideSolutionNode = FALSE
	EndGlobalSection
	GlobalSection(NestedProjects) = preSolution
		{85947103-2134-4E2B-8642-15C7938F2F2A} = {34BF0B3C-2E3D-46E8-9CD0-039CAE1E7106}
		{B94CCA41-0FDD-40C5-9473-5B0CEC6A5539} = {34BF0B3C-2E3D-46E8-9CD0-039CAE1E7106}
	EndGlobalSection
	GlobalSection(ExtensibilityGlobals) = postSolution
		SolutionGuid = {24A8D1C3-AE09-4591-B00F-B63138D91D0F}
	EndGlobalSection
EndGlobal
